<?xml version="1.0" encoding="utf-8"?>
<Project ToolsVersion="4.0" xmlns="http://schemas.microsoft.com/developer/msbuild/2003">
  <ItemGroup>
    <Filter Include="src">
      <UniqueIdentifier>{122fc7cf-881a-4bb2-a4ff-cd1c83266746}</UniqueIdentifier>
    </Filter>
  </ItemGroup>
  <ItemGroup>
    <ClCompile Include="fastTextLibrary.cpp" />
    <ClCompile Include="..\..\src\args.cc">
      <Filter>src</Filter>
    </ClCompile>
    <ClCompile Include="..\..\src\dictionary.cc">
      <Filter>src</Filter>
    </ClCompile>
    <ClCompile Include="..\..\src\matrix.cc">
      <Filter>src</Filter>
    </ClCompile>
    <ClCompile Include="..\..\src\model.cc">
      <Filter>src</Filter>
    </ClCompile>
    <ClCompile Include="..\..\src\utils.cc">
      <Filter>src</Filter>
    </ClCompile>
    <ClCompile Include="..\..\src\vector.cc">
      <Filter>src</Filter>
    </ClCompile>
  </ItemGroup>
  <ItemGroup>
    <ClInclude Include="..\..\src\args.h">
      <Filter>src</Filter>
    </ClInclude>
    <ClInclude Include="..\..\src\dictionary.h">
      <Filter>src</Filter>
    </ClInclude>
    <ClInclude Include="..\..\src\matrix.h">
      <Filter>src</Filter>
    </ClInclude>
    <ClInclude Include="..\..\src\model.h">
      <Filter>src</Filter>
    </ClInclude>
    <ClInclude Include="..\..\src\real.h">
      <Filter>src</Filter>
    </ClInclude>
    <ClInclude Include="..\..\src\utils.h">
      <Filter>src</Filter>
    </ClInclude>
    <ClInclude Include="..\..\src\vector.h">
      <Filter>src</Filter>
    </ClInclude>
  </ItemGroup>
</Project>